
Microsoft Visual Studio Solution File, Format Version 12.00
# Visual Studio Version 17
VisualStudioVersion = 17.8.34525.116
MinimumVisualStudioVersion = 10.0.40219.1
Project("{FAE04EC0-301F-11D3-BF4B-00C04F79EFBC}") = "market_task", "market_task\market_task.csproj", "{FF7605D3-D4B2-4382-85BF-7D592AB0FD10}"
EndProject
Global
	GlobalSection(SolutionConfigurationPlatforms) = preSolution
		Debug|Any CPU = Debug|Any CPU
		Release|Any CPU = Release|Any CPU
	EndGlobalSection
	GlobalSection(ProjectConfigurationPlatforms) = postSolution
		{FF7605D3-D4B2-4382-85BF-7D592AB0FD10}.Debug|Any CPU.ActiveCfg = Debug|Any CPU
		{FF7605D3-D4B2-4382-85BF-7D592AB0FD10}.Debug|Any CPU.Build.0 = Debug|Any CPU
		{FF7605D3-D4B2-4382-85BF-7D592AB0FD10}.Release|Any CPU.ActiveCfg = Release|Any CPU
		{FF7605D3-D4B2-4382-85BF-7D592AB0FD10}.Release|Any CPU.Build.0 = Release|Any CPU
	EndGlobalSection
	GlobalSection(SolutionProperties) = preSolution
		HideSolutionNode = FALSE
	EndGlobalSection
	GlobalSection(ExtensibilityGlobals) = postSolution
		SolutionGuid = {39FE5942-550F-4A54-9490-15818804BECD}
	EndGlobalSection
EndGlobal
